
Microsoft Visual Studio Solution File, Format Version 12.00
# Visual Studio 14
VisualStudioVersion = 14.0.25420.1
MinimumVisualStudioVersion = 10.0.40219.1
Project("{FAE04EC0-301F-11D3-BF4B-00C04F79EFBC}") = "ImagePro", "ImagePro.csproj", "{DA581C27-F136-4B28-8140-412852433235}"
EndProject
Global
	GlobalSection(SolutionConfigurationPlatforms) = preSolution
		Debug|x86 = Debug|x86
		Release|x86 = Release|x86
	EndGlobalSection
	GlobalSection(ProjectConfigurationPlatforms) = postSolution
		{DA581C27-F136-4B28-8140-412852433235}.Debug|x86.ActiveCfg = Debug|x86
		{DA581C27-F136-4B28-8140-412852433235}.Debug|x86.Build.0 = Debug|x86
		{DA581C27-F136-4B28-8140-412852433235}.Release|x86.ActiveCfg = Release|x86
		{DA581C27-F136-4B28-8140-412852433235}.Release|x86.Build.0 = Release|x86
	EndGlobalSection
	GlobalSection(SolutionProperties) = preSolution
		HideSolutionNode = FALSE
	EndGlobalSection
EndGlobal
